// !$*UTF8*$!
{
	archiveVersion = 1;
	classes = {
	};
	objectVersion = 77;
	objects = {

/* Begin PBXBuildFile section */
		021D580C3CA3DD23CB2E8FCA /* DomainRecord.swift in Sources */ = {isa = PBXBuildFile; fileRef = 72C26A8C3EE8486DCFA51C9B /* DomainRecord.swift */; };
		0671FF8E550D34E2DFF6A823 /* UsageRecord.swift in Sources */ = {isa = PBXBuildFile; fileRef = 7D929B2759A01959F882D254 /* UsageRecord.swift */; };
		0693A836E2EE2A176512F6BD /* DeviceActivityMonitorExtension.appex in Embed Foundation Extensions */ = {isa = PBXBuildFile; fileRef = 024119D2017E0DF37C9E622B /* DeviceActivityMonitorExtension.appex */; settings = {ATTRIBUTES = (RemoveHeadersOnCopy, ); }; };
		09E88D68C36C519F21C5FE60 /* ActivityRecord.swift in Sources */ = {isa = PBXBuildFile; fileRef = ED01A0192F2EBDFB5CC4CA0C /* ActivityRecord.swift */; };
		0F35FA855A929F3BC01BBF68 /* LoginView.swift in Sources */ = {isa = PBXBuildFile; fileRef = D081FFED2B6B0F9731A170FE /* LoginView.swift */; };
		1770DBD94290B09695D244EE /* CoreLocation.framework in Frameworks */ = {isa = PBXBuildFile; fileRef = E82D76698F52DB6018A809F3 /* CoreLocation.framework */; };
		18A1D530DC541813E7CE6588 /* FamilyMember.swift in Sources */ = {isa = PBXBuildFile; fileRef = E9A5E457BEF095C90D93882C /* FamilyMember.swift */; };
		1C8619F47A311ED8712B26FD /* FirebaseSyncService.swift in Sources */ = {isa = PBXBuildFile; fileRef = 114C4C9ACC045A02B37F9448 /* FirebaseSyncService.swift */; };
		1F2055169E68B7D9095F22D3 /* LocationSnapshot.swift in Sources */ = {isa = PBXBuildFile; fileRef = F971DAC28FE3E680969670DD /* LocationSnapshot.swift */; };
		2371CB3F70982FEA11331CC7 /* LocationService.swift in Sources */ = {isa = PBXBuildFile; fileRef = 73591633EFDE4FB6DC8F23AB /* LocationService.swift */; };
		2C16930A14A75C7A7C55C981 /* SettingsView.swift in Sources */ = {isa = PBXBuildFile; fileRef = EB5208F4446CBCA096F325AB /* SettingsView.swift */; };
		2D395A1939B5581ED646AE26 /* RaveEvent.swift in Sources */ = {isa = PBXBuildFile; fileRef = 92291C53AA2413F4B1B1E9B4 /* RaveEvent.swift */; };
		2E0BA3C877FEDFF582809303 /* ScoreTabView.swift in Sources */ = {isa = PBXBuildFile; fileRef = 3D95BA61A4B7081FB496C2B4 /* ScoreTabView.swift */; };
		2F4F048EA3570ABF3E2D5171 /* ManualActivityView.swift in Sources */ = {isa = PBXBuildFile; fileRef = 1541FD7F93760B81A842D100 /* ManualActivityView.swift */; };
		329128E7149B2C4C860AA4B9 /* FamilyMember.swift in Sources */ = {isa = PBXBuildFile; fileRef = E9A5E457BEF095C90D93882C /* FamilyMember.swift */; };
		33BCFB1E1686D75BB81A88F0 /* PacketTunnelExtension.appex in Embed Foundation Extensions */ = {isa = PBXBuildFile; fileRef = 4677ABE3E9B06E09C33A6A30 /* PacketTunnelExtension.appex */; settings = {ATTRIBUTES = (RemoveHeadersOnCopy, ); }; };
		3478BA54A4666D78330CD398 /* FamilyMember.swift in Sources */ = {isa = PBXBuildFile; fileRef = E9A5E457BEF095C90D93882C /* FamilyMember.swift */; };
		34DE9A2B2D942E14BD7CAFCB /* RaveEvent.swift in Sources */ = {isa = PBXBuildFile; fileRef = 92291C53AA2413F4B1B1E9B4 /* RaveEvent.swift */; };
		441975B330F50A5F445E2DEA /* StreakRecord.swift in Sources */ = {isa = PBXBuildFile; fileRef = 14FC43028DAF052452D72610 /* StreakRecord.swift */; };
		4460F2C7361A4ED1AB1ABDC8 /* ActivityConfigService.swift in Sources */ = {isa = PBXBuildFile; fileRef = 7D8034A15E738D1246F748C9 /* ActivityConfigService.swift */; };
		452E5E97F3157A8E0252647E /* AuthService.swift in Sources */ = {isa = PBXBuildFile; fileRef = B7D57CADF54F9AD400FB68E4 /* AuthService.swift */; };
		4604857CCB2D9DA9212F989B /* BadgesView.swift in Sources */ = {isa = PBXBuildFile; fileRef = DD3FF34D911D939AC1507F10 /* BadgesView.swift */; };
		488979D00EF24AAED895781D /* StreakRecord.swift in Sources */ = {isa = PBXBuildFile; fileRef = 14FC43028DAF052452D72610 /* StreakRecord.swift */; };
		4ABE540DC6F921F6EDF94FB7 /* DeviceActivityMonitorExtension.swift in Sources */ = {isa = PBXBuildFile; fileRef = 5477940BD6E1222172DC2EBF /* DeviceActivityMonitorExtension.swift */; };
		4B6353F31ABF02C9B3DCF2A9 /* LocationSnapshot.swift in Sources */ = {isa = PBXBuildFile; fileRef = F971DAC28FE3E680969670DD /* LocationSnapshot.swift */; };
		4D4EA85217F288B891D4DBD5 /* StreakRecord.swift in Sources */ = {isa = PBXBuildFile; fileRef = 14FC43028DAF052452D72610 /* StreakRecord.swift */; };
		52374BF583103C99C40DD243 /* FirebaseMessaging in Frameworks */ = {isa = PBXBuildFile; productRef = 4AB98BC439D5313AD7469BC6 /* FirebaseMessaging */; };
		54D44C1283E516C30061AEBB /* FamilyHealthDetailView.swift in Sources */ = {isa = PBXBuildFile; fileRef = DC0D975D591F3F9E9C437756 /* FamilyHealthDetailView.swift */; };
		5D6523086AAE7EEBAC10262E /* ComplianceEvent.swift in Sources */ = {isa = PBXBuildFile; fileRef = 99EA1CCB9F918F042BCE5B8D /* ComplianceEvent.swift */; };
		61590324F4EFE1AF5201EB94 /* PacketTunnelProvider.swift in Sources */ = {isa = PBXBuildFile; fileRef = 93E830B03DACBBB9831D4EC7 /* PacketTunnelProvider.swift */; };
		62C8681966BE05110D7F560C /* DailyScore.swift in Sources */ = {isa = PBXBuildFile; fileRef = 1509DE589CF9ADE5D38ABDF7 /* DailyScore.swift */; };
		62D8218C809B2DF90A1ADA7B /* BettrFamilyApp.swift in Sources */ = {isa = PBXBuildFile; fileRef = 3034D3FB56F1CC39DB2D44C3 /* BettrFamilyApp.swift */; };
		64C41CC02F506B946B498F98 /* ActivityRecord.swift in Sources */ = {isa = PBXBuildFile; fileRef = ED01A0192F2EBDFB5CC4CA0C /* ActivityRecord.swift */; };
		66CA623C429A058595919ABF /* CalendarService.swift in Sources */ = {isa = PBXBuildFile; fileRef = 3F141725E92E787C76013FFF /* CalendarService.swift */; };
		6867E933BF340DC16ECF0A15 /* ActivityConfig.swift in Sources */ = {isa = PBXBuildFile; fileRef = 46B2637BDBC6AB4D7A3CC4AC /* ActivityConfig.swift */; };
		68A03C1DD7D0A2F0AD4A671D /* HeartbeatService.swift in Sources */ = {isa = PBXBuildFile; fileRef = AA6F05AFE03C21347E9468DB /* HeartbeatService.swift */; };
		69E9A4819CCFE989926F87D0 /* DomainRecord.swift in Sources */ = {isa = PBXBuildFile; fileRef = 72C26A8C3EE8486DCFA51C9B /* DomainRecord.swift */; };
		6B728362F1DE23DE1E4FC523 /* BadgeEngine.swift in Sources */ = {isa = PBXBuildFile; fileRef = 75FFBC6FEE13474D27A6B19C /* BadgeEngine.swift */; };
		6DB5491F0225714AAB9F69FE /* WeeklyChartView.swift in Sources */ = {isa = PBXBuildFile; fileRef = 53F8EAD5C10D9652D5FE39D2 /* WeeklyChartView.swift */; };
		7584FB5934EAC73C347EB625 /* HealthKit.framework in Frameworks */ = {isa = PBXBuildFile; fileRef = 92287AF4CA2288D504AC759E /* HealthKit.framework */; };
		7A631A19E99BD4DE1ACCDA95 /* RaveEvent.swift in Sources */ = {isa = PBXBuildFile; fileRef = 92291C53AA2413F4B1B1E9B4 /* RaveEvent.swift */; };
		7A6E22A133F269D11EE9BFE7 /* ActivityConfig.swift in Sources */ = {isa = PBXBuildFile; fileRef = 46B2637BDBC6AB4D7A3CC4AC /* ActivityConfig.swift */; };
		7F53E9822E7802934B90B2DD /* GoogleService-Info.plist in Resources */ = {isa = PBXBuildFile; fileRef = 430F77460FD4D66A16743E2C /* GoogleService-Info.plist */; };
		85BCE7BFAC9E57D05B1CB332 /* Constants.swift in Sources */ = {isa = PBXBuildFile; fileRef = 41812F208413CBAA977DF68D /* Constants.swift */; };
		864BCA67E1C6BE15586A135C /* Badge.swift in Sources */ = {isa = PBXBuildFile; fileRef = 42F5FD7A0D9AB880DDCCE72B /* Badge.swift */; };
		8D10682F695F2F257C0B43E8 /* DailyScore.swift in Sources */ = {isa = PBXBuildFile; fileRef = 1509DE589CF9ADE5D38ABDF7 /* DailyScore.swift */; };
		8D2DAACE68FD7716450BF6AE /* UsageRecord.swift in Sources */ = {isa = PBXBuildFile; fileRef = 7D929B2759A01959F882D254 /* UsageRecord.swift */; };
		917655A4A0C682D6F2840515 /* ActivityConfig.swift in Sources */ = {isa = PBXBuildFile; fileRef = 46B2637BDBC6AB4D7A3CC4AC /* ActivityConfig.swift */; };
		9841EB9C9597628DA8222738 /* ComplianceView.swift in Sources */ = {isa = PBXBuildFile; fileRef = 6AC6E9B36F585AA3C1B54239 /* ComplianceView.swift */; };
		9A3F47B32083CF183A3F7799 /* RaveView.swift in Sources */ = {isa = PBXBuildFile; fileRef = 3C76B74F9873AC4637FCC393 /* RaveView.swift */; };
		9C9B07D2987D7669AFC201B0 /* PointsEngine.swift in Sources */ = {isa = PBXBuildFile; fileRef = B8181E1A842903E48C6BB3C4 /* PointsEngine.swift */; };
		9FEE0951B55D2A94C00656C5 /* ScreenTimeService.swift in Sources */ = {isa = PBXBuildFile; fileRef = 1DE56431E5B4391D31DA6DCB /* ScreenTimeService.swift */; };
		A46CD34CC65A0FA212660AF6 /* ActivityRecord.swift in Sources */ = {isa = PBXBuildFile; fileRef = ED01A0192F2EBDFB5CC4CA0C /* ActivityRecord.swift */; };
		A5CB3C51C1E54450B636A8CA /* DailyScore.swift in Sources */ = {isa = PBXBuildFile; fileRef = 1509DE589CF9ADE5D38ABDF7 /* DailyScore.swift */; };
		A5CF1380ACAD5EB21E5C59AD /* DomainsView.swift in Sources */ = {isa = PBXBuildFile; fileRef = FB3E81B497A485D935C014B4 /* DomainsView.swift */; };
		A70205ED7DB20E5CD2292968 /* MainTabView.swift in Sources */ = {isa = PBXBuildFile; fileRef = C4515AB2D142D29C3AC67E41 /* MainTabView.swift */; };
		A703B2BACC10F61C2899D4CA /* ActivityConfig.swift in Sources */ = {isa = PBXBuildFile; fileRef = 46B2637BDBC6AB4D7A3CC4AC /* ActivityConfig.swift */; };
		A84CD9B7D9C55986FCDB30A0 /* CoreBluetooth.framework in Frameworks */ = {isa = PBXBuildFile; fileRef = 806BDD61FD33DCACBA527BDD /* CoreBluetooth.framework */; };
		AACED70075FF18A5B0425867 /* Constants.swift in Sources */ = {isa = PBXBuildFile; fileRef = 41812F208413CBAA977DF68D /* Constants.swift */; };
		AC09424DF5910A66047BE706 /* LocationSnapshot.swift in Sources */ = {isa = PBXBuildFile; fileRef = F971DAC28FE3E680969670DD /* LocationSnapshot.swift */; };
		AC644A7CBADB3BEE8387616F /* DeviceActivityReportExtension.appex in Embed Foundation Extensions */ = {isa = PBXBuildFile; fileRef = 48F2E4811CBD59AC305F71F7 /* DeviceActivityReportExtension.appex */; settings = {ATTRIBUTES = (RemoveHeadersOnCopy, ); }; };
		B16434A54340733515C4BBCB /* FirebaseFirestore in Frameworks */ = {isa = PBXBuildFile; productRef = C45B4B8088CBB1A33B38F1DE /* FirebaseFirestore */; };
		B16D0F0B686CFC8217B26FD0 /* DeviceActivityReportExtension.swift in Sources */ = {isa = PBXBuildFile; fileRef = F213C7A4E6BBBDF4E2C2E5F0 /* DeviceActivityReportExtension.swift */; };
		B3140AE24FD6A1E2C08E958C /* ActivityBreakdownView.swift in Sources */ = {isa = PBXBuildFile; fileRef = 9085AE3816C9A182A5ABAC07 /* ActivityBreakdownView.swift */; };
		B6243361540A8560F271763A /* VPNStatusMonitor.swift in Sources */ = {isa = PBXBuildFile; fileRef = DDF6FB1778C1DF3FB4C0C0B9 /* VPNStatusMonitor.swift */; };
		B70360D4DA790180970480AF /* ProximityEvent.swift in Sources */ = {isa = PBXBuildFile; fileRef = 29D53005D67E9A8A7C0AAF00 /* ProximityEvent.swift */; };
		BEE287B1B4C13F571927DFFC /* ProximityEvent.swift in Sources */ = {isa = PBXBuildFile; fileRef = 29D53005D67E9A8A7C0AAF00 /* ProximityEvent.swift */; };
		C1285C71A297119B88870DDB /* UsageRecord.swift in Sources */ = {isa = PBXBuildFile; fileRef = 7D929B2759A01959F882D254 /* UsageRecord.swift */; };
		CC45864D01A1ACD1831E968B /* Badge.swift in Sources */ = {isa = PBXBuildFile; fileRef = 42F5FD7A0D9AB880DDCCE72B /* Badge.swift */; };
		CE6F5FAA0698A60D6B19085F /* Badge.swift in Sources */ = {isa = PBXBuildFile; fileRef = 42F5FD7A0D9AB880DDCCE72B /* Badge.swift */; };
		CFBA8C1B2F1913E9F1B1FD06 /* HealthKitService.swift in Sources */ = {isa = PBXBuildFile; fileRef = 050F3A72DDC9CB32CB8D578C /* HealthKitService.swift */; };
		CFC2BADE644B3CC3A4A8668B /* SetupView.swift in Sources */ = {isa = PBXBuildFile; fileRef = CFE246A6A28514538EF79DEF /* SetupView.swift */; };
		D4E3905BD0A2063C111CD53D /* FamilyMonitorService.swift in Sources */ = {isa = PBXBuildFile; fileRef = F92457D0D83B74E0638CE5B8 /* FamilyMonitorService.swift */; };
		DA40802A1582DBBC7E30A483 /* LocationSnapshot.swift in Sources */ = {isa = PBXBuildFile; fileRef = F971DAC28FE3E680969670DD /* LocationSnapshot.swift */; };
		DED11EB093AEF98F720CC094 /* DomainRecord.swift in Sources */ = {isa = PBXBuildFile; fileRef = 72C26A8C3EE8486DCFA51C9B /* DomainRecord.swift */; };
		E2EBA01CF9FDB62DDAF7AB66 /* RaveEvent.swift in Sources */ = {isa = PBXBuildFile; fileRef = 92291C53AA2413F4B1B1E9B4 /* RaveEvent.swift */; };
		E503B0D2DCF71B5BEA2A7FD1 /* ComplianceEvent.swift in Sources */ = {isa = PBXBuildFile; fileRef = 99EA1CCB9F918F042BCE5B8D /* ComplianceEvent.swift */; };
		E582BD70511C864E0BEAFD1D /* ActivityRecord.swift in Sources */ = {isa = PBXBuildFile; fileRef = ED01A0192F2EBDFB5CC4CA0C /* ActivityRecord.swift */; };
		E5EEACE256371284C3637FE4 /* DailyScore.swift in Sources */ = {isa = PBXBuildFile; fileRef = 1509DE589CF9ADE5D38ABDF7 /* DailyScore.swift */; };
		E7A3D39C39935746BD244866 /* ComplianceEvent.swift in Sources */ = {isa = PBXBuildFile; fileRef = 99EA1CCB9F918F042BCE5B8D /* ComplianceEvent.swift */; };
		E99CF3257489D40F5092E19A /* FamilyMember.swift in Sources */ = {isa = PBXBuildFile; fileRef = E9A5E457BEF095C90D93882C /* FamilyMember.swift */; };
		EC5A49F1AAB2F995EFA87D77 /* DomainRecord.swift in Sources */ = {isa = PBXBuildFile; fileRef = 72C26A8C3EE8486DCFA51C9B /* DomainRecord.swift */; };
		ECB6EDEC37E09D62473F6D24 /* UsageRecord.swift in Sources */ = {isa = PBXBuildFile; fileRef = 7D929B2759A01959F882D254 /* UsageRecord.swift */; };
		EE064BB7155061D3C99A50D4 /* ProximityEvent.swift in Sources */ = {isa = PBXBuildFile; fileRef = 29D53005D67E9A8A7C0AAF00 /* ProximityEvent.swift */; };
		EF3F2ED7C17A6070EA6701AB /* ActivityConfigView.swift in Sources */ = {isa = PBXBuildFile; fileRef = FF022EE7FA3FFA4914033C85 /* ActivityConfigView.swift */; };
		EFE42F87E2E71CF60E7BB599 /* StreakRecord.swift in Sources */ = {isa = PBXBuildFile; fileRef = 14FC43028DAF052452D72610 /* StreakRecord.swift */; };
		F030768065E1992AB229CA62 /* ProximityEvent.swift in Sources */ = {isa = PBXBuildFile; fileRef = 29D53005D67E9A8A7C0AAF00 /* ProximityEvent.swift */; };
		F524A1E2EC22C2FC241A5828 /* Constants.swift in Sources */ = {isa = PBXBuildFile; fileRef = 41812F208413CBAA977DF68D /* Constants.swift */; };
		F7DB054EF89CB54C620C504F /* Constants.swift in Sources */ = {isa = PBXBuildFile; fileRef = 41812F208413CBAA977DF68D /* Constants.swift */; };
		F846530A418562A02127D648 /* LaunchScreenView.swift in Sources */ = {isa = PBXBuildFile; fileRef = 846FB6B8154AFEF627DAE3F2 /* LaunchScreenView.swift */; };
		F9C2CD1B57CF06692FC1BF40 /* ComplianceEvent.swift in Sources */ = {isa = PBXBuildFile; fileRef = 99EA1CCB9F918F042BCE5B8D /* ComplianceEvent.swift */; };
		F9D5D4525FAE70C5454CD66F /* DashboardView.swift in Sources */ = {isa = PBXBuildFile; fileRef = 56F7A7E431AC719025AB410D /* DashboardView.swift */; };
		FCB32737CA5622C06A158DD5 /* FirebaseAuth in Frameworks */ = {isa = PBXBuildFile; productRef = E6D1191B211FAF3BC11B55BB /* FirebaseAuth */; };
		FCCEF329E08F403277B810C3 /* MemberDayDetailView.swift in Sources */ = {isa = PBXBuildFile; fileRef = 8F76D88A47726FB3DA557C54 /* MemberDayDetailView.swift */; };
		FDBFA69551F8A17F92E874F3 /* Assets.xcassets in Resources */ = {isa = PBXBuildFile; fileRef = 365FA7D3C8F7E6D2E9F3A4D4 /* Assets.xcassets */; };
		FE778B1BBF1270E380104F4C /* Badge.swift in Sources */ = {isa = PBXBuildFile; fileRef = 42F5FD7A0D9AB880DDCCE72B /* Badge.swift */; };
/* End PBXBuildFile section */

/* Begin PBXContainerItemProxy section */
		7393D307F8A94ED44C2860F9 /* PBXContainerItemProxy */ = {
			isa = PBXContainerItemProxy;
			containerPortal = 064BE7B9B916C7D723BFBB38 /* Project object */;
			proxyType = 1;
			remoteGlobalIDString = D2494F6C3145AB91B61D8441;
			remoteInfo = DeviceActivityReportExtension;
		};
		BB52B2AF1F5BC9D5F4EF3A2E /* PBXContainerItemProxy */ = {
			isa = PBXContainerItemProxy;
			containerPortal = 064BE7B9B916C7D723BFBB38 /* Project object */;
			proxyType = 1;
			remoteGlobalIDString = D92B29BC52889964FC2C5FBF;
			remoteInfo = DeviceActivityMonitorExtension;
		};
		DC50E162F744FAA2031D252D /* PBXContainerItemProxy */ = {
			isa = PBXContainerItemProxy;
			containerPortal = 064BE7B9B916C7D723BFBB38 /* Project object */;
			proxyType = 1;
			remoteGlobalIDString = 8D398EDAFFC25CCAB5BD1DF3;
			remoteInfo = PacketTunnelExtension;
		};
/* End PBXContainerItemProxy section */

/* Begin PBXCopyFilesBuildPhase section */
		82C2FB0B796E3E3998A2B941 /* Embed Foundation Extensions */ = {
			isa = PBXCopyFilesBuildPhase;
			buildActionMask = 2147483647;
			dstPath = "";
			dstSubfolderSpec = 13;
			files = (
				0693A836E2EE2A176512F6BD /* DeviceActivityMonitorExtension.appex in Embed Foundation Extensions */,
				AC644A7CBADB3BEE8387616F /* DeviceActivityReportExtension.appex in Embed Foundation Extensions */,
				33BCFB1E1686D75BB81A88F0 /* PacketTunnelExtension.appex in Embed Foundation Extensions */,
			);
			name = "Embed Foundation Extensions";
			runOnlyForDeploymentPostprocessing = 0;
		};
/* End PBXCopyFilesBuildPhase section */

/* Begin PBXFileReference section */
		024119D2017E0DF37C9E622B /* DeviceActivityMonitorExtension.appex */ = {isa = PBXFileReference; includeInIndex = 0; lastKnownFileType = "wrapper.app-extension"; path = DeviceActivityMonitorExtension.appex; sourceTree = BUILT_PRODUCTS_DIR; };
		050F3A72DDC9CB32CB8D578C /* HealthKitService.swift */ = {isa = PBXFileReference; lastKnownFileType = sourcecode.swift; path = HealthKitService.swift; sourceTree = "<group>"; };
		114C4C9ACC045A02B37F9448 /* FirebaseSyncService.swift */ = {isa = PBXFileReference; lastKnownFileType = sourcecode.swift; path = FirebaseSyncService.swift; sourceTree = "<group>"; };
		14FC43028DAF052452D72610 /* StreakRecord.swift */ = {isa = PBXFileReference; lastKnownFileType = sourcecode.swift; path = StreakRecord.swift; sourceTree = "<group>"; };
		1509DE589CF9ADE5D38ABDF7 /* DailyScore.swift */ = {isa = PBXFileReference; lastKnownFileType = sourcecode.swift; path = DailyScore.swift; sourceTree = "<group>"; };
		1541FD7F93760B81A842D100 /* ManualActivityView.swift */ = {isa = PBXFileReference; lastKnownFileType = sourcecode.swift; path = ManualActivityView.swift; sourceTree = "<group>"; };
		1DE56431E5B4391D31DA6DCB /* ScreenTimeService.swift */ = {isa = PBXFileReference; lastKnownFileType = sourcecode.swift; path = ScreenTimeService.swift; sourceTree = "<group>"; };
		29D53005D67E9A8A7C0AAF00 /* ProximityEvent.swift */ = {isa = PBXFileReference; lastKnownFileType = sourcecode.swift; path = ProximityEvent.swift; sourceTree = "<group>"; };
		2E85765DFF365DB778CB795C /* BettrFamily.app */ = {isa = PBXFileReference; includeInIndex = 0; lastKnownFileType = wrapper.application; path = BettrFamily.app; sourceTree = BUILT_PRODUCTS_DIR; };
		3034D3FB56F1CC39DB2D44C3 /* BettrFamilyApp.swift */ = {isa = PBXFileReference; lastKnownFileType = sourcecode.swift; path = BettrFamilyApp.swift; sourceTree = "<group>"; };
		365FA7D3C8F7E6D2E9F3A4D4 /* Assets.xcassets */ = {isa = PBXFileReference; lastKnownFileType = folder.assetcatalog; path = Assets.xcassets; sourceTree = "<group>"; };
		3BBC71B775BDB4D1AAF8CBC2 /* PacketTunnelExtension.entitlements */ = {isa = PBXFileReference; lastKnownFileType = text.plist.entitlements; path = PacketTunnelExtension.entitlements; sourceTree = "<group>"; };
		3C76B74F9873AC4637FCC393 /* RaveView.swift */ = {isa = PBXFileReference; lastKnownFileType = sourcecode.swift; path = RaveView.swift; sourceTree = "<group>"; };
		3D95BA61A4B7081FB496C2B4 /* ScoreTabView.swift */ = {isa = PBXFileReference; lastKnownFileType = sourcecode.swift; path = ScoreTabView.swift; sourceTree = "<group>"; };
		3F141725E92E787C76013FFF /* CalendarService.swift */ = {isa = PBXFileReference; lastKnownFileType = sourcecode.swift; path = CalendarService.swift; sourceTree = "<group>"; };
		40E912FF67BBF8BFEF3FB5D3 /* DeviceActivityMonitorExtension.entitlements */ = {isa = PBXFileReference; lastKnownFileType = text.plist.entitlements; path = DeviceActivityMonitorExtension.entitlements; sourceTree = "<group>"; };
		41812F208413CBAA977DF68D /* Constants.swift */ = {isa = PBXFileReference; lastKnownFileType = sourcecode.swift; path = Constants.swift; sourceTree = "<group>"; };
		42F5FD7A0D9AB880DDCCE72B /* Badge.swift */ = {isa = PBXFileReference; lastKnownFileType = sourcecode.swift; path = Badge.swift; sourceTree = "<group>"; };
		430F77460FD4D66A16743E2C /* GoogleService-Info.plist */ = {isa = PBXFileReference; lastKnownFileType = text.plist; path = "GoogleService-Info.plist"; sourceTree = "<group>"; };
		4677ABE3E9B06E09C33A6A30 /* PacketTunnelExtension.appex */ = {isa = PBXFileReference; includeInIndex = 0; lastKnownFileType = "wrapper.app-extension"; path = PacketTunnelExtension.appex; sourceTree = BUILT_PRODUCTS_DIR; };
		46B2637BDBC6AB4D7A3CC4AC /* ActivityConfig.swift */ = {isa = PBXFileReference; lastKnownFileType = sourcecode.swift; path = ActivityConfig.swift; sourceTree = "<group>"; };
		48F2E4811CBD59AC305F71F7 /* DeviceActivityReportExtension.appex */ = {isa = PBXFileReference; includeInIndex = 0; lastKnownFileType = "wrapper.app-extension"; path = DeviceActivityReportExtension.appex; sourceTree = BUILT_PRODUCTS_DIR; };
		535F3D41E8088A608A737087 /* Info.plist */ = {isa = PBXFileReference; lastKnownFileType = text.plist; path = Info.plist; sourceTree = "<group>"; };
		53F8EAD5C10D9652D5FE39D2 /* WeeklyChartView.swift */ = {isa = PBXFileReference; lastKnownFileType = sourcecode.swift; path = WeeklyChartView.swift; sourceTree = "<group>"; };
		5477940BD6E1222172DC2EBF /* DeviceActivityMonitorExtension.swift */ = {isa = PBXFileReference; lastKnownFileType = sourcecode.swift; path = DeviceActivityMonitorExtension.swift; sourceTree = "<group>"; };
		56F7A7E431AC719025AB410D /* DashboardView.swift */ = {isa = PBXFileReference; lastKnownFileType = sourcecode.swift; path = DashboardView.swift; sourceTree = "<group>"; };
		6AC6E9B36F585AA3C1B54239 /* ComplianceView.swift */ = {isa = PBXFileReference; lastKnownFileType = sourcecode.swift; path = ComplianceView.swift; sourceTree = "<group>"; };
		72C26A8C3EE8486DCFA51C9B /* DomainRecord.swift */ = {isa = PBXFileReference; lastKnownFileType = sourcecode.swift; path = DomainRecord.swift; sourceTree = "<group>"; };
		73591633EFDE4FB6DC8F23AB /* LocationService.swift */ = {isa = PBXFileReference; lastKnownFileType = sourcecode.swift; path = LocationService.swift; sourceTree = "<group>"; };
		75FFBC6FEE13474D27A6B19C /* BadgeEngine.swift */ = {isa = PBXFileReference; lastKnownFileType = sourcecode.swift; path = BadgeEngine.swift; sourceTree = "<group>"; };
		7D8034A15E738D1246F748C9 /* ActivityConfigService.swift */ = {isa = PBXFileReference; lastKnownFileType = sourcecode.swift; path = ActivityConfigService.swift; sourceTree = "<group>"; };
		7D929B2759A01959F882D254 /* UsageRecord.swift */ = {isa = PBXFileReference; lastKnownFileType = sourcecode.swift; path = UsageRecord.swift; sourceTree = "<group>"; };
		806BDD61FD33DCACBA527BDD /* CoreBluetooth.framework */ = {isa = PBXFileReference; lastKnownFileType = wrapper.framework; name = CoreBluetooth.framework; path = System/Library/Frameworks/CoreBluetooth.framework; sourceTree = SDKROOT; };
		846FB6B8154AFEF627DAE3F2 /* LaunchScreenView.swift */ = {isa = PBXFileReference; lastKnownFileType = sourcecode.swift; path = LaunchScreenView.swift; sourceTree = "<group>"; };
		8F76D88A47726FB3DA557C54 /* MemberDayDetailView.swift */ = {isa = PBXFileReference; lastKnownFileType = sourcecode.swift; path = MemberDayDetailView.swift; sourceTree = "<group>"; };
		9085AE3816C9A182A5ABAC07 /* ActivityBreakdownView.swift */ = {isa = PBXFileReference; lastKnownFileType = sourcecode.swift; path = ActivityBreakdownView.swift; sourceTree = "<group>"; };
		92287AF4CA2288D504AC759E /* HealthKit.framework */ = {isa = PBXFileReference; lastKnownFileType = wrapper.framework; name = HealthKit.framework; path = System/Library/Frameworks/HealthKit.framework; sourceTree = SDKROOT; };
		92291C53AA2413F4B1B1E9B4 /* RaveEvent.swift */ = {isa = PBXFileReference; lastKnownFileType = sourcecode.swift; path = RaveEvent.swift; sourceTree = "<group>"; };
		93E830B03DACBBB9831D4EC7 /* PacketTunnelProvider.swift */ = {isa = PBXFileReference; lastKnownFileType = sourcecode.swift; path = PacketTunnelProvider.swift; sourceTree = "<group>"; };
		99EA1CCB9F918F042BCE5B8D /* ComplianceEvent.swift */ = {isa = PBXFileReference; lastKnownFileType = sourcecode.swift; path = ComplianceEvent.swift; sourceTree = "<group>"; };
		AA6F05AFE03C21347E9468DB /* HeartbeatService.swift */ = {isa = PBXFileReference; lastKnownFileType = sourcecode.swift; path = HeartbeatService.swift; sourceTree = "<group>"; };
		ACD1A75479CAF8D40CE89438 /* BettrFamily.entitlements */ = {isa = PBXFileReference; lastKnownFileType = text.plist.entitlements; path = BettrFamily.entitlements; sourceTree = "<group>"; };
		B60060D6D2CA322659E75941 /* Info.plist */ = {isa = PBXFileReference; lastKnownFileType = text.plist; path = Info.plist; sourceTree = "<group>"; };
		B7D57CADF54F9AD400FB68E4 /* AuthService.swift */ = {isa = PBXFileReference; lastKnownFileType = sourcecode.swift; path = AuthService.swift; sourceTree = "<group>"; };
		B8181E1A842903E48C6BB3C4 /* PointsEngine.swift */ = {isa = PBXFileReference; lastKnownFileType = sourcecode.swift; path = PointsEngine.swift; sourceTree = "<group>"; };
		B964B11701A1C65AA351559E /* DeviceActivityReportExtension.entitlements */ = {isa = PBXFileReference; lastKnownFileType = text.plist.entitlements; path = DeviceActivityReportExtension.entitlements; sourceTree = "<group>"; };
		BD0213A1F31019027EC9A092 /* Info.plist */ = {isa = PBXFileReference; lastKnownFileType = text.plist; path = Info.plist; sourceTree = "<group>"; };
		C4515AB2D142D29C3AC67E41 /* MainTabView.swift */ = {isa = PBXFileReference; lastKnownFileType = sourcecode.swift; path = MainTabView.swift; sourceTree = "<group>"; };
		CFE246A6A28514538EF79DEF /* SetupView.swift */ = {isa = PBXFileReference; lastKnownFileType = sourcecode.swift; path = SetupView.swift; sourceTree = "<group>"; };
		D081FFED2B6B0F9731A170FE /* LoginView.swift */ = {isa = PBXFileReference; lastKnownFileType = sourcecode.swift; path = LoginView.swift; sourceTree = "<group>"; };
		DC0D975D591F3F9E9C437756 /* FamilyHealthDetailView.swift */ = {isa = PBXFileReference; lastKnownFileType = sourcecode.swift; path = FamilyHealthDetailView.swift; sourceTree = "<group>"; };
		DD3FF34D911D939AC1507F10 /* BadgesView.swift */ = {isa = PBXFileReference; lastKnownFileType = sourcecode.swift; path = BadgesView.swift; sourceTree = "<group>"; };
		DDF6FB1778C1DF3FB4C0C0B9 /* VPNStatusMonitor.swift */ = {isa = PBXFileReference; lastKnownFileType = sourcecode.swift; path = VPNStatusMonitor.swift; sourceTree = "<group>"; };
		E3CD214D209A995063D43E0F /* Info.plist */ = {isa = PBXFileReference; lastKnownFileType = text.plist; path = Info.plist; sourceTree = "<group>"; };
		E82D76698F52DB6018A809F3 /* CoreLocation.framework */ = {isa = PBXFileReference; lastKnownFileType = wrapper.framework; name = CoreLocation.framework; path = System/Library/Frameworks/CoreLocation.framework; sourceTree = SDKROOT; };
		E9A5E457BEF095C90D93882C /* FamilyMember.swift */ = {isa = PBXFileReference; lastKnownFileType = sourcecode.swift; path = FamilyMember.swift; sourceTree = "<group>"; };
		EB5208F4446CBCA096F325AB /* SettingsView.swift */ = {isa = PBXFileReference; lastKnownFileType = sourcecode.swift; path = SettingsView.swift; sourceTree = "<group>"; };
		ED01A0192F2EBDFB5CC4CA0C /* ActivityRecord.swift */ = {isa = PBXFileReference; lastKnownFileType = sourcecode.swift; path = ActivityRecord.swift; sourceTree = "<group>"; };
		F213C7A4E6BBBDF4E2C2E5F0 /* DeviceActivityReportExtension.swift */ = {isa = PBXFileReference; lastKnownFileType = sourcecode.swift; path = DeviceActivityReportExtension.swift; sourceTree = "<group>"; };
		F92457D0D83B74E0638CE5B8 /* FamilyMonitorService.swift */ = {isa = PBXFileReference; lastKnownFileType = sourcecode.swift; path = FamilyMonitorService.swift; sourceTree = "<group>"; };
		F971DAC28FE3E680969670DD /* LocationSnapshot.swift */ = {isa = PBXFileReference; lastKnownFileType = sourcecode.swift; path = LocationSnapshot.swift; sourceTree = "<group>"; };
		FB3E81B497A485D935C014B4 /* DomainsView.swift */ = {isa = PBXFileReference; lastKnownFileType = sourcecode.swift; path = DomainsView.swift; sourceTree = "<group>"; };
		FF022EE7FA3FFA4914033C85 /* ActivityConfigView.swift */ = {isa = PBXFileReference; lastKnownFileType = sourcecode.swift; path = ActivityConfigView.swift; sourceTree = "<group>"; };
/* End PBXFileReference section */

/* Begin PBXFrameworksBuildPhase section */
		4B7CCBF073ABD004D9EB2148 /* Frameworks */ = {
			isa = PBXFrameworksBuildPhase;
			buildActionMask = 2147483647;
			files = (
				FCB32737CA5622C06A158DD5 /* FirebaseAuth in Frameworks */,
				B16434A54340733515C4BBCB /* FirebaseFirestore in Frameworks */,
				52374BF583103C99C40DD243 /* FirebaseMessaging in Frameworks */,
				7584FB5934EAC73C347EB625 /* HealthKit.framework in Frameworks */,
				1770DBD94290B09695D244EE /* CoreLocation.framework in Frameworks */,
				A84CD9B7D9C55986FCDB30A0 /* CoreBluetooth.framework in Frameworks */,
			);
			runOnlyForDeploymentPostprocessing = 0;
		};
/* End PBXFrameworksBuildPhase section */

/* Begin PBXGroup section */
		253B16C1755F572D8CBF9541 /* DeviceActivityMonitorExtension */ = {
			isa = PBXGroup;
			children = (
				40E912FF67BBF8BFEF3FB5D3 /* DeviceActivityMonitorExtension.entitlements */,
				5477940BD6E1222172DC2EBF /* DeviceActivityMonitorExtension.swift */,
				B60060D6D2CA322659E75941 /* Info.plist */,
			);
			path = DeviceActivityMonitorExtension;
			sourceTree = "<group>";
		};
		4872284F7E3554E7BC9B47C1 /* Shared */ = {
			isa = PBXGroup;
			children = (
				46B2637BDBC6AB4D7A3CC4AC /* ActivityConfig.swift */,
				ED01A0192F2EBDFB5CC4CA0C /* ActivityRecord.swift */,
				42F5FD7A0D9AB880DDCCE72B /* Badge.swift */,
				99EA1CCB9F918F042BCE5B8D /* ComplianceEvent.swift */,
				41812F208413CBAA977DF68D /* Constants.swift */,
				1509DE589CF9ADE5D38ABDF7 /* DailyScore.swift */,
				72C26A8C3EE8486DCFA51C9B /* DomainRecord.swift */,
				E9A5E457BEF095C90D93882C /* FamilyMember.swift */,
				F971DAC28FE3E680969670DD /* LocationSnapshot.swift */,
				29D53005D67E9A8A7C0AAF00 /* ProximityEvent.swift */,
				92291C53AA2413F4B1B1E9B4 /* RaveEvent.swift */,
				14FC43028DAF052452D72610 /* StreakRecord.swift */,
				7D929B2759A01959F882D254 /* UsageRecord.swift */,
			);
			path = Shared;
			sourceTree = "<group>";
		};
		4C1BABEDD82882DD66793260 /* Services */ = {
			isa = PBXGroup;
			children = (
				7D8034A15E738D1246F748C9 /* ActivityConfigService.swift */,
				B7D57CADF54F9AD400FB68E4 /* AuthService.swift */,
				75FFBC6FEE13474D27A6B19C /* BadgeEngine.swift */,
				3F141725E92E787C76013FFF /* CalendarService.swift */,
				F92457D0D83B74E0638CE5B8 /* FamilyMonitorService.swift */,
				114C4C9ACC045A02B37F9448 /* FirebaseSyncService.swift */,
				050F3A72DDC9CB32CB8D578C /* HealthKitService.swift */,
				AA6F05AFE03C21347E9468DB /* HeartbeatService.swift */,
				73591633EFDE4FB6DC8F23AB /* LocationService.swift */,
				B8181E1A842903E48C6BB3C4 /* PointsEngine.swift */,
				1DE56431E5B4391D31DA6DCB /* ScreenTimeService.swift */,
				DDF6FB1778C1DF3FB4C0C0B9 /* VPNStatusMonitor.swift */,
			);
			path = Services;
			sourceTree = "<group>";
		};
		61C43203DA238AE7053896FC /* Views */ = {
			isa = PBXGroup;
			children = (
				9085AE3816C9A182A5ABAC07 /* ActivityBreakdownView.swift */,
				FF022EE7FA3FFA4914033C85 /* ActivityConfigView.swift */,
				DD3FF34D911D939AC1507F10 /* BadgesView.swift */,
				6AC6E9B36F585AA3C1B54239 /* ComplianceView.swift */,
				56F7A7E431AC719025AB410D /* DashboardView.swift */,
				FB3E81B497A485D935C014B4 /* DomainsView.swift */,
				DC0D975D591F3F9E9C437756 /* FamilyHealthDetailView.swift */,
				846FB6B8154AFEF627DAE3F2 /* LaunchScreenView.swift */,
				D081FFED2B6B0F9731A170FE /* LoginView.swift */,
				C4515AB2D142D29C3AC67E41 /* MainTabView.swift */,
				1541FD7F93760B81A842D100 /* ManualActivityView.swift */,
				8F76D88A47726FB3DA557C54 /* MemberDayDetailView.swift */,
				3C76B74F9873AC4637FCC393 /* RaveView.swift */,
				3D95BA61A4B7081FB496C2B4 /* ScoreTabView.swift */,
				EB5208F4446CBCA096F325AB /* SettingsView.swift */,
				CFE246A6A28514538EF79DEF /* SetupView.swift */,
				53F8EAD5C10D9652D5FE39D2 /* WeeklyChartView.swift */,
			);
			path = Views;
			sourceTree = "<group>";
		};
		75F7EDE43E1A036112C53F17 = {
			isa = PBXGroup;
			children = (
				81A9F7A517C340BF8D724E5E /* BettrFamily */,
				253B16C1755F572D8CBF9541 /* DeviceActivityMonitorExtension */,
				AEA6324C76536358000287C4 /* DeviceActivityReportExtension */,
				A7B0318444DCD14C933C6045 /* PacketTunnelExtension */,
				4872284F7E3554E7BC9B47C1 /* Shared */,
				F73C44BFE91BC4212F3499DD /* Frameworks */,
				A5AC66BD392BDCF5C6817209 /* Products */,
			);
			sourceTree = "<group>";
		};
		81A9F7A517C340BF8D724E5E /* BettrFamily */ = {
			isa = PBXGroup;
			children = (
				4C1BABEDD82882DD66793260 /* Services */,
				61C43203DA238AE7053896FC /* Views */,
				365FA7D3C8F7E6D2E9F3A4D4 /* Assets.xcassets */,
				ACD1A75479CAF8D40CE89438 /* BettrFamily.entitlements */,
				3034D3FB56F1CC39DB2D44C3 /* BettrFamilyApp.swift */,
				430F77460FD4D66A16743E2C /* GoogleService-Info.plist */,
				535F3D41E8088A608A737087 /* Info.plist */,
			);
			path = BettrFamily;
			sourceTree = "<group>";
		};
		A5AC66BD392BDCF5C6817209 /* Products */ = {
			isa = PBXGroup;
			children = (
				2E85765DFF365DB778CB795C /* BettrFamily.app */,
				024119D2017E0DF37C9E622B /* DeviceActivityMonitorExtension.appex */,
				48F2E4811CBD59AC305F71F7 /* DeviceActivityReportExtension.appex */,
				4677ABE3E9B06E09C33A6A30 /* PacketTunnelExtension.appex */,
			);
			name = Products;
			sourceTree = "<group>";
		};
		A7B0318444DCD14C933C6045 /* PacketTunnelExtension */ = {
			isa = PBXGroup;
			children = (
				E3CD214D209A995063D43E0F /* Info.plist */,
				3BBC71B775BDB4D1AAF8CBC2 /* PacketTunnelExtension.entitlements */,
				93E830B03DACBBB9831D4EC7 /* PacketTunnelProvider.swift */,
			);
			path = PacketTunnelExtension;
			sourceTree = "<group>";
		};
		AEA6324C76536358000287C4 /* DeviceActivityReportExtension */ = {
			isa = PBXGroup;
			children = (
				B964B11701A1C65AA351559E /* DeviceActivityReportExtension.entitlements */,
				F213C7A4E6BBBDF4E2C2E5F0 /* DeviceActivityReportExtension.swift */,
				BD0213A1F31019027EC9A092 /* Info.plist */,
			);
			path = DeviceActivityReportExtension;
			sourceTree = "<group>";
		};
		F73C44BFE91BC4212F3499DD /* Frameworks */ = {
			isa = PBXGroup;
			children = (
				806BDD61FD33DCACBA527BDD /* CoreBluetooth.framework */,
				E82D76698F52DB6018A809F3 /* CoreLocation.framework */,
				92287AF4CA2288D504AC759E /* HealthKit.framework */,
			);
			name = Frameworks;
			sourceTree = "<group>";
		};
/* End PBXGroup section */

/* Begin PBXNativeTarget section */
		8D398EDAFFC25CCAB5BD1DF3 /* PacketTunnelExtension */ = {
			isa = PBXNativeTarget;
			buildConfigurationList = E13703C8682464E1734AA673 /* Build configuration list for PBXNativeTarget "PacketTunnelExtension" */;
			buildPhases = (
				60B7F336A60D2882FDBD602B /* Sources */,
			);
			buildRules = (
			);
			dependencies = (
			);
			name = PacketTunnelExtension;
			packageProductDependencies = (
			);
			productName = PacketTunnelExtension;
			productReference = 4677ABE3E9B06E09C33A6A30 /* PacketTunnelExtension.appex */;
			productType = "com.apple.product-type.app-extension";
		};
		AADDBA03D4FC8DB958D86B3C /* BettrFamily */ = {
			isa = PBXNativeTarget;
			buildConfigurationList = AC1986AE9A334C8751F931E2 /* Build configuration list for PBXNativeTarget "BettrFamily" */;
			buildPhases = (
				5D23C0A3D49605F950C15057 /* Sources */,
				0073F54B0190DAE18D06CBB8 /* Resources */,
				4B7CCBF073ABD004D9EB2148 /* Frameworks */,
				82C2FB0B796E3E3998A2B941 /* Embed Foundation Extensions */,
			);
			buildRules = (
			);
			dependencies = (
				365982D25BF35BC135D55A05 /* PBXTargetDependency */,
				5E3B04A3FE279E97976CF2E1 /* PBXTargetDependency */,
				0094BD6583AB3C3A0730300E /* PBXTargetDependency */,
			);
			name = BettrFamily;
			packageProductDependencies = (
				E6D1191B211FAF3BC11B55BB /* FirebaseAuth */,
				C45B4B8088CBB1A33B38F1DE /* FirebaseFirestore */,
				4AB98BC439D5313AD7469BC6 /* FirebaseMessaging */,
			);
			productName = BettrFamily;
			productReference = 2E85765DFF365DB778CB795C /* BettrFamily.app */;
			productType = "com.apple.product-type.application";
		};
		D2494F6C3145AB91B61D8441 /* DeviceActivityReportExtension */ = {
			isa = PBXNativeTarget;
			buildConfigurationList = 93F8C3C8D0FC4F35A14D5DC7 /* Build configuration list for PBXNativeTarget "DeviceActivityReportExtension" */;
			buildPhases = (
				44C90349B5FCA584FC18E23E /* Sources */,
			);
			buildRules = (
			);
			dependencies = (
			);
			name = DeviceActivityReportExtension;
			packageProductDependencies = (
			);
			productName = DeviceActivityReportExtension;
			productReference = 48F2E4811CBD59AC305F71F7 /* DeviceActivityReportExtension.appex */;
			productType = "com.apple.product-type.app-extension";
		};
		D92B29BC52889964FC2C5FBF /* DeviceActivityMonitorExtension */ = {
			isa = PBXNativeTarget;
			buildConfigurationList = 8311EB424B29A0D2CA3196C7 /* Build configuration list for PBXNativeTarget "DeviceActivityMonitorExtension" */;
			buildPhases = (
				E7C0FFFA00B51D57DA1F2EEB /* Sources */,
			);
			buildRules = (
			);
			dependencies = (
			);
			name = DeviceActivityMonitorExtension;
			packageProductDependencies = (
			);
			productName = DeviceActivityMonitorExtension;
			productReference = 024119D2017E0DF37C9E622B /* DeviceActivityMonitorExtension.appex */;
			productType = "com.apple.product-type.app-extension";
		};
/* End PBXNativeTarget section */

/* Begin PBXProject section */
		064BE7B9B916C7D723BFBB38 /* Project object */ = {
			isa = PBXProject;
			attributes = {
				BuildIndependentTargetsInParallel = YES;
				LastUpgradeCheck = 1500;
				TargetAttributes = {
					8D398EDAFFC25CCAB5BD1DF3 = {
						DevelopmentTeam = 87N5NSN3D8;
						ProvisioningStyle = Automatic;
					};
					AADDBA03D4FC8DB958D86B3C = {
						DevelopmentTeam = 87N5NSN3D8;
						ProvisioningStyle = Automatic;
					};
					D2494F6C3145AB91B61D8441 = {
						DevelopmentTeam = 87N5NSN3D8;
						ProvisioningStyle = Automatic;
					};
					D92B29BC52889964FC2C5FBF = {
						DevelopmentTeam = 87N5NSN3D8;
						ProvisioningStyle = Automatic;
					};
				};
			};
			buildConfigurationList = C53298C81CC2CD226ADA331A /* Build configuration list for PBXProject "BettrFamily" */;
			developmentRegion = en;
			hasScannedForEncodings = 0;
			knownRegions = (
				Base,
				en,
			);
			mainGroup = 75F7EDE43E1A036112C53F17;
			minimizedProjectReferenceProxies = 1;
			packageReferences = (
				C20F29FB9E6F3B333A067297 /* XCRemoteSwiftPackageReference "firebase-ios-sdk" */,
			);
			preferredProjectObjectVersion = 77;
			projectDirPath = "";
			projectRoot = "";
			targets = (
				AADDBA03D4FC8DB958D86B3C /* BettrFamily */,
				D92B29BC52889964FC2C5FBF /* DeviceActivityMonitorExtension */,
				D2494F6C3145AB91B61D8441 /* DeviceActivityReportExtension */,
				8D398EDAFFC25CCAB5BD1DF3 /* PacketTunnelExtension */,
			);
		};
/* End PBXProject section */

/* Begin PBXResourcesBuildPhase section */
		0073F54B0190DAE18D06CBB8 /* Resources */ = {
			isa = PBXResourcesBuildPhase;
			buildActionMask = 2147483647;
			files = (
				FDBFA69551F8A17F92E874F3 /* Assets.xcassets in Resources */,
				7F53E9822E7802934B90B2DD /* GoogleService-Info.plist in Resources */,
			);
			runOnlyForDeploymentPostprocessing = 0;
		};
/* End PBXResourcesBuildPhase section */

/* Begin PBXSourcesBuildPhase section */
		44C90349B5FCA584FC18E23E /* Sources */ = {
			isa = PBXSourcesBuildPhase;
			buildActionMask = 2147483647;
			files = (
				A703B2BACC10F61C2899D4CA /* ActivityConfig.swift in Sources */,
				64C41CC02F506B946B498F98 /* ActivityRecord.swift in Sources */,
				FE778B1BBF1270E380104F4C /* Badge.swift in Sources */,
				E503B0D2DCF71B5BEA2A7FD1 /* ComplianceEvent.swift in Sources */,
				F524A1E2EC22C2FC241A5828 /* Constants.swift in Sources */,
				E5EEACE256371284C3637FE4 /* DailyScore.swift in Sources */,
				B16D0F0B686CFC8217B26FD0 /* DeviceActivityReportExtension.swift in Sources */,
				021D580C3CA3DD23CB2E8FCA /* DomainRecord.swift in Sources */,
				E99CF3257489D40F5092E19A /* FamilyMember.swift in Sources */,
				DA40802A1582DBBC7E30A483 /* LocationSnapshot.swift in Sources */,
				EE064BB7155061D3C99A50D4 /* ProximityEvent.swift in Sources */,
				E2EBA01CF9FDB62DDAF7AB66 /* RaveEvent.swift in Sources */,
				EFE42F87E2E71CF60E7BB599 /* StreakRecord.swift in Sources */,
				0671FF8E550D34E2DFF6A823 /* UsageRecord.swift in Sources */,
			);
			runOnlyForDeploymentPostprocessing = 0;
		};
		5D23C0A3D49605F950C15057 /* Sources */ = {
			isa = PBXSourcesBuildPhase;
			buildActionMask = 2147483647;
			files = (
				B3140AE24FD6A1E2C08E958C /* ActivityBreakdownView.swift in Sources */,
				7A6E22A133F269D11EE9BFE7 /* ActivityConfig.swift in Sources */,
				4460F2C7361A4ED1AB1ABDC8 /* ActivityConfigService.swift in Sources */,
				EF3F2ED7C17A6070EA6701AB /* ActivityConfigView.swift in Sources */,
				E582BD70511C864E0BEAFD1D /* ActivityRecord.swift in Sources */,
				452E5E97F3157A8E0252647E /* AuthService.swift in Sources */,
				864BCA67E1C6BE15586A135C /* Badge.swift in Sources */,
				6B728362F1DE23DE1E4FC523 /* BadgeEngine.swift in Sources */,
				4604857CCB2D9DA9212F989B /* BadgesView.swift in Sources */,
				62D8218C809B2DF90A1ADA7B /* BettrFamilyApp.swift in Sources */,
				66CA623C429A058595919ABF /* CalendarService.swift in Sources */,
				F9C2CD1B57CF06692FC1BF40 /* ComplianceEvent.swift in Sources */,
				9841EB9C9597628DA8222738 /* ComplianceView.swift in Sources */,
				85BCE7BFAC9E57D05B1CB332 /* Constants.swift in Sources */,
				A5CB3C51C1E54450B636A8CA /* DailyScore.swift in Sources */,
				F9D5D4525FAE70C5454CD66F /* DashboardView.swift in Sources */,
				69E9A4819CCFE989926F87D0 /* DomainRecord.swift in Sources */,
				A5CF1380ACAD5EB21E5C59AD /* DomainsView.swift in Sources */,
				54D44C1283E516C30061AEBB /* FamilyHealthDetailView.swift in Sources */,
				3478BA54A4666D78330CD398 /* FamilyMember.swift in Sources */,
				D4E3905BD0A2063C111CD53D /* FamilyMonitorService.swift in Sources */,
				1C8619F47A311ED8712B26FD /* FirebaseSyncService.swift in Sources */,
				CFBA8C1B2F1913E9F1B1FD06 /* HealthKitService.swift in Sources */,
				68A03C1DD7D0A2F0AD4A671D /* HeartbeatService.swift in Sources */,
				F846530A418562A02127D648 /* LaunchScreenView.swift in Sources */,
				2371CB3F70982FEA11331CC7 /* LocationService.swift in Sources */,
				1F2055169E68B7D9095F22D3 /* LocationSnapshot.swift in Sources */,
				0F35FA855A929F3BC01BBF68 /* LoginView.swift in Sources */,
				A70205ED7DB20E5CD2292968 /* MainTabView.swift in Sources */,
				2F4F048EA3570ABF3E2D5171 /* ManualActivityView.swift in Sources */,
				FCCEF329E08F403277B810C3 /* MemberDayDetailView.swift in Sources */,
				9C9B07D2987D7669AFC201B0 /* PointsEngine.swift in Sources */,
				F030768065E1992AB229CA62 /* ProximityEvent.swift in Sources */,
				2D395A1939B5581ED646AE26 /* RaveEvent.swift in Sources */,
				9A3F47B32083CF183A3F7799 /* RaveView.swift in Sources */,
				2E0BA3C877FEDFF582809303 /* ScoreTabView.swift in Sources */,
				9FEE0951B55D2A94C00656C5 /* ScreenTimeService.swift in Sources */,
				2C16930A14A75C7A7C55C981 /* SettingsView.swift in Sources */,
				CFC2BADE644B3CC3A4A8668B /* SetupView.swift in Sources */,
				441975B330F50A5F445E2DEA /* StreakRecord.swift in Sources */,
				8D2DAACE68FD7716450BF6AE /* UsageRecord.swift in Sources */,
				B6243361540A8560F271763A /* VPNStatusMonitor.swift in Sources */,
				6DB5491F0225714AAB9F69FE /* WeeklyChartView.swift in Sources */,
			);
			runOnlyForDeploymentPostprocessing = 0;
		};
		60B7F336A60D2882FDBD602B /* Sources */ = {
			isa = PBXSourcesBuildPhase;
			buildActionMask = 2147483647;
			files = (
				6867E933BF340DC16ECF0A15 /* ActivityConfig.swift in Sources */,
				09E88D68C36C519F21C5FE60 /* ActivityRecord.swift in Sources */,
				CC45864D01A1ACD1831E968B /* Badge.swift in Sources */,
				5D6523086AAE7EEBAC10262E /* ComplianceEvent.swift in Sources */,
				AACED70075FF18A5B0425867 /* Constants.swift in Sources */,
				62C8681966BE05110D7F560C /* DailyScore.swift in Sources */,
				DED11EB093AEF98F720CC094 /* DomainRecord.swift in Sources */,
				18A1D530DC541813E7CE6588 /* FamilyMember.swift in Sources */,
				AC09424DF5910A66047BE706 /* LocationSnapshot.swift in Sources */,
				61590324F4EFE1AF5201EB94 /* PacketTunnelProvider.swift in Sources */,
				B70360D4DA790180970480AF /* ProximityEvent.swift in Sources */,
				7A631A19E99BD4DE1ACCDA95 /* RaveEvent.swift in Sources */,
				4D4EA85217F288B891D4DBD5 /* StreakRecord.swift in Sources */,
				C1285C71A297119B88870DDB /* UsageRecord.swift in Sources */,
			);
			runOnlyForDeploymentPostprocessing = 0;
		};
		E7C0FFFA00B51D57DA1F2EEB /* Sources */ = {
			isa = PBXSourcesBuildPhase;
			buildActionMask = 2147483647;
			files = (
				917655A4A0C682D6F2840515 /* ActivityConfig.swift in Sources */,
				A46CD34CC65A0FA212660AF6 /* ActivityRecord.swift in Sources */,
				CE6F5FAA0698A60D6B19085F /* Badge.swift in Sources */,
				E7A3D39C39935746BD244866 /* ComplianceEvent.swift in Sources */,
				F7DB054EF89CB54C620C504F /* Constants.swift in Sources */,
				8D10682F695F2F257C0B43E8 /* DailyScore.swift in Sources */,
				4ABE540DC6F921F6EDF94FB7 /* DeviceActivityMonitorExtension.swift in Sources */,
				EC5A49F1AAB2F995EFA87D77 /* DomainRecord.swift in Sources */,
				329128E7149B2C4C860AA4B9 /* FamilyMember.swift in Sources */,
				4B6353F31ABF02C9B3DCF2A9 /* LocationSnapshot.swift in Sources */,
				BEE287B1B4C13F571927DFFC /* ProximityEvent.swift in Sources */,
				34DE9A2B2D942E14BD7CAFCB /* RaveEvent.swift in Sources */,
				488979D00EF24AAED895781D /* StreakRecord.swift in Sources */,
				ECB6EDEC37E09D62473F6D24 /* UsageRecord.swift in Sources */,
			);
			runOnlyForDeploymentPostprocessing = 0;
		};
/* End PBXSourcesBuildPhase section */

/* Begin PBXTargetDependency section */
		0094BD6583AB3C3A0730300E /* PBXTargetDependency */ = {
			isa = PBXTargetDependency;
			target = 8D398EDAFFC25CCAB5BD1DF3 /* PacketTunnelExtension */;
			targetProxy = DC50E162F744FAA2031D252D /* PBXContainerItemProxy */;
		};
		365982D25BF35BC135D55A05 /* PBXTargetDependency */ = {
			isa = PBXTargetDependency;
			target = D92B29BC52889964FC2C5FBF /* DeviceActivityMonitorExtension */;
			targetProxy = BB52B2AF1F5BC9D5F4EF3A2E /* PBXContainerItemProxy */;
		};
		5E3B04A3FE279E97976CF2E1 /* PBXTargetDependency */ = {
			isa = PBXTargetDependency;
			target = D2494F6C3145AB91B61D8441 /* DeviceActivityReportExtension */;
			targetProxy = 7393D307F8A94ED44C2860F9 /* PBXContainerItemProxy */;
		};
/* End PBXTargetDependency section */

/* Begin XCBuildConfiguration section */
		13EC4F62D7729F53269C3145 /* Debug */ = {
			isa = XCBuildConfiguration;
			buildSettings = {
				CODE_SIGN_ENTITLEMENTS = DeviceActivityReportExtension/DeviceActivityReportExtension.entitlements;
				INFOPLIST_FILE = DeviceActivityReportExtension/Info.plist;
				LD_RUNPATH_SEARCH_PATHS = (
					"$(inherited)",
					"@executable_path/Frameworks",
					"@executable_path/../../Frameworks",
				);
				PRODUCT_BUNDLE_IDENTIFIER = com.bettrfamily.app.DeviceActivityReport;
				SDKROOT = iphoneos;
				TARGETED_DEVICE_FAMILY = 1;
			};
			name = Debug;
		};
		2A1593FAB06A374F01C89E9E /* Debug */ = {
			isa = XCBuildConfiguration;
			buildSettings = {
				ASSETCATALOG_COMPILER_APPICON_NAME = AppIcon;
				CODE_SIGN_ENTITLEMENTS = BettrFamily/BettrFamily.entitlements;
				CODE_SIGN_IDENTITY = "iPhone Developer";
				INFOPLIST_FILE = BettrFamily/Info.plist;
				LD_RUNPATH_SEARCH_PATHS = (
					"$(inherited)",
					"@executable_path/Frameworks",
				);
				PRODUCT_BUNDLE_IDENTIFIER = com.bettrfamily.app;
				SDKROOT = iphoneos;
				TARGETED_DEVICE_FAMILY = 1;
			};
			name = Debug;
		};
		2E1DD76CD1E4799F47F050D3 /* Debug */ = {
			isa = XCBuildConfiguration;
			buildSettings = {
				ALWAYS_SEARCH_USER_PATHS = NO;
				CLANG_ANALYZER_NONNULL = YES;
				CLANG_ANALYZER_NUMBER_OBJECT_CONVERSION = YES_AGGRESSIVE;
				CLANG_CXX_LANGUAGE_STANDARD = "gnu++14";
				CLANG_CXX_LIBRARY = "libc++";
				CLANG_ENABLE_MODULES = YES;
				CLANG_ENABLE_OBJC_ARC = YES;
				CLANG_ENABLE_OBJC_WEAK = YES;
				CLANG_WARN_BLOCK_CAPTURE_AUTORELEASING = YES;
				CLANG_WARN_BOOL_CONVERSION = YES;
				CLANG_WARN_COMMA = YES;
				CLANG_WARN_CONSTANT_CONVERSION = YES;
				CLANG_WARN_DEPRECATED_OBJC_IMPLEMENTATIONS = YES;
				CLANG_WARN_DIRECT_OBJC_ISA_USAGE = YES_ERROR;
				CLANG_WARN_DOCUMENTATION_COMMENTS = YES;
				CLANG_WARN_EMPTY_BODY = YES;
				CLANG_WARN_ENUM_CONVERSION = YES;
				CLANG_WARN_INFINITE_RECURSION = YES;
				CLANG_WARN_INT_CONVERSION = YES;
				CLANG_WARN_NON_LITERAL_NULL_CONVERSION = YES;
				CLANG_WARN_OBJC_IMPLICIT_RETAIN_SELF = YES;
				CLANG_WARN_OBJC_LITERAL_CONVERSION = YES;
				CLANG_WARN_OBJC_ROOT_CLASS = YES_ERROR;
				CLANG_WARN_QUOTED_INCLUDE_IN_FRAMEWORK_HEADER = YES;
				CLANG_WARN_RANGE_LOOP_ANALYSIS = YES;
				CLANG_WARN_STRICT_PROTOTYPES = YES;
				CLANG_WARN_SUSPICIOUS_MOVE = YES;
				CLANG_WARN_UNGUARDED_AVAILABILITY = YES_AGGRESSIVE;
				CLANG_WARN_UNREACHABLE_CODE = YES;
				CLANG_WARN__DUPLICATE_METHOD_MATCH = YES;
				CODE_SIGN_STYLE = Automatic;
				COPY_PHASE_STRIP = NO;
				DEBUG_INFORMATION_FORMAT = dwarf;
				DEVELOPMENT_TEAM = 87N5NSN3D8;
				ENABLE_STRICT_OBJC_MSGSEND = YES;
				ENABLE_TESTABILITY = YES;
				GCC_C_LANGUAGE_STANDARD = gnu11;
				GCC_DYNAMIC_NO_PIC = NO;
				GCC_NO_COMMON_BLOCKS = YES;
				GCC_OPTIMIZATION_LEVEL = 0;
				GCC_PREPROCESSOR_DEFINITIONS = (
					"$(inherited)",
					"DEBUG=1",
				);
				GCC_WARN_64_TO_32_BIT_CONVERSION = YES;
				GCC_WARN_ABOUT_RETURN_TYPE = YES_ERROR;
				GCC_WARN_UNDECLARED_SELECTOR = YES;
				GCC_WARN_UNINITIALIZED_AUTOS = YES_AGGRESSIVE;
				GCC_WARN_UNUSED_FUNCTION = YES;
				GCC_WARN_UNUSED_VARIABLE = YES;
				IPHONEOS_DEPLOYMENT_TARGET = 17.0;
				MTL_ENABLE_DEBUG_INFO = INCLUDE_SOURCE;
				MTL_FAST_MATH = YES;
				ONLY_ACTIVE_ARCH = YES;
				PRODUCT_NAME = "$(TARGET_NAME)";
				SDKROOT = iphoneos;
				SWIFT_ACTIVE_COMPILATION_CONDITIONS = DEBUG;
				SWIFT_OPTIMIZATION_LEVEL = "-Onone";
				SWIFT_VERSION = 5.9;
			};
			name = Debug;
		};
		69EEB98C1B9D7FDE2BEFA96C /* Debug */ = {
			isa = XCBuildConfiguration;
			buildSettings = {
				CODE_SIGN_ENTITLEMENTS = PacketTunnelExtension/PacketTunnelExtension.entitlements;
				INFOPLIST_FILE = PacketTunnelExtension/Info.plist;
				LD_RUNPATH_SEARCH_PATHS = (
					"$(inherited)",
					"@executable_path/Frameworks",
					"@executable_path/../../Frameworks",
				);
				PRODUCT_BUNDLE_IDENTIFIER = com.bettrfamily.app.PacketTunnel;
				SDKROOT = iphoneos;
				TARGETED_DEVICE_FAMILY = 1;
			};
			name = Debug;
		};
		6A8E503B3BF5B7696997BF5F /* Release */ = {
			isa = XCBuildConfiguration;
			buildSettings = {
				ALWAYS_SEARCH_USER_PATHS = NO;
				CLANG_ANALYZER_NONNULL = YES;
				CLANG_ANALYZER_NUMBER_OBJECT_CONVERSION = YES_AGGRESSIVE;
				CLANG_CXX_LANGUAGE_STANDARD = "gnu++14";
				CLANG_CXX_LIBRARY = "libc++";
				CLANG_ENABLE_MODULES = YES;
				CLANG_ENABLE_OBJC_ARC = YES;
				CLANG_ENABLE_OBJC_WEAK = YES;
				CLANG_WARN_BLOCK_CAPTURE_AUTORELEASING = YES;
				CLANG_WARN_BOOL_CONVERSION = YES;
				CLANG_WARN_COMMA = YES;
				CLANG_WARN_CONSTANT_CONVERSION = YES;
				CLANG_WARN_DEPRECATED_OBJC_IMPLEMENTATIONS = YES;
				CLANG_WARN_DIRECT_OBJC_ISA_USAGE = YES_ERROR;
				CLANG_WARN_DOCUMENTATION_COMMENTS = YES;
				CLANG_WARN_EMPTY_BODY = YES;
				CLANG_WARN_ENUM_CONVERSION = YES;
				CLANG_WARN_INFINITE_RECURSION = YES;
				CLANG_WARN_INT_CONVERSION = YES;
				CLANG_WARN_NON_LITERAL_NULL_CONVERSION = YES;
				CLANG_WARN_OBJC_IMPLICIT_RETAIN_SELF = YES;
				CLANG_WARN_OBJC_LITERAL_CONVERSION = YES;
				CLANG_WARN_OBJC_ROOT_CLASS = YES_ERROR;
				CLANG_WARN_QUOTED_INCLUDE_IN_FRAMEWORK_HEADER = YES;
				CLANG_WARN_RANGE_LOOP_ANALYSIS = YES;
				CLANG_WARN_STRICT_PROTOTYPES = YES;
				CLANG_WARN_SUSPICIOUS_MOVE = YES;
				CLANG_WARN_UNGUARDED_AVAILABILITY = YES_AGGRESSIVE;
				CLANG_WARN_UNREACHABLE_CODE = YES;
				CLANG_WARN__DUPLICATE_METHOD_MATCH = YES;
				CODE_SIGN_STYLE = Automatic;
				COPY_PHASE_STRIP = NO;
				DEBUG_INFORMATION_FORMAT = "dwarf-with-dsym";
				DEVELOPMENT_TEAM = 87N5NSN3D8;
				ENABLE_NS_ASSERTIONS = NO;
				ENABLE_STRICT_OBJC_MSGSEND = YES;
				GCC_C_LANGUAGE_STANDARD = gnu11;
				GCC_NO_COMMON_BLOCKS = YES;
				GCC_WARN_64_TO_32_BIT_CONVERSION = YES;
				GCC_WARN_ABOUT_RETURN_TYPE = YES_ERROR;
				GCC_WARN_UNDECLARED_SELECTOR = YES;
				GCC_WARN_UNINITIALIZED_AUTOS = YES_AGGRESSIVE;
				GCC_WARN_UNUSED_FUNCTION = YES;
				GCC_WARN_UNUSED_VARIABLE = YES;
				IPHONEOS_DEPLOYMENT_TARGET = 17.0;
				MTL_ENABLE_DEBUG_INFO = NO;
				MTL_FAST_MATH = YES;
				PRODUCT_NAME = "$(TARGET_NAME)";
				SDKROOT = iphoneos;
				SWIFT_COMPILATION_MODE = wholemodule;
				SWIFT_OPTIMIZATION_LEVEL = "-O";
				SWIFT_VERSION = 5.9;
			};
			name = Release;
		};
		7608B0CC9B4C1382A1C6F87D /* Release */ = {
			isa = XCBuildConfiguration;
			buildSettings = {
				CODE_SIGN_ENTITLEMENTS = DeviceActivityMonitorExtension/DeviceActivityMonitorExtension.entitlements;
				INFOPLIST_FILE = DeviceActivityMonitorExtension/Info.plist;
				LD_RUNPATH_SEARCH_PATHS = (
					"$(inherited)",
					"@executable_path/Frameworks",
					"@executable_path/../../Frameworks",
				);
				PRODUCT_BUNDLE_IDENTIFIER = com.bettrfamily.app.DeviceActivityMonitor;
				SDKROOT = iphoneos;
				TARGETED_DEVICE_FAMILY = 1;
			};
			name = Release;
		};
		7FA1FB92C1F3367AD0DE8109 /* Release */ = {
			isa = XCBuildConfiguration;
			buildSettings = {
				CODE_SIGN_ENTITLEMENTS = PacketTunnelExtension/PacketTunnelExtension.entitlements;
				INFOPLIST_FILE = PacketTunnelExtension/Info.plist;
				LD_RUNPATH_SEARCH_PATHS = (
					"$(inherited)",
					"@executable_path/Frameworks",
					"@executable_path/../../Frameworks",
				);
				PRODUCT_BUNDLE_IDENTIFIER = com.bettrfamily.app.PacketTunnel;
				SDKROOT = iphoneos;
				TARGETED_DEVICE_FAMILY = 1;
			};
			name = Release;
		};
		A818314F6B31DE4524E539C9 /* Debug */ = {
			isa = XCBuildConfiguration;
			buildSettings = {
				CODE_SIGN_ENTITLEMENTS = DeviceActivityMonitorExtension/DeviceActivityMonitorExtension.entitlements;
				INFOPLIST_FILE = DeviceActivityMonitorExtension/Info.plist;
				LD_RUNPATH_SEARCH_PATHS = (
					"$(inherited)",
					"@executable_path/Frameworks",
					"@executable_path/../../Frameworks",
				);
				PRODUCT_BUNDLE_IDENTIFIER = com.bettrfamily.app.DeviceActivityMonitor;
				SDKROOT = iphoneos;
				TARGETED_DEVICE_FAMILY = 1;
			};
			name = Debug;
		};
		E21AF2DA56BEE3442EE611E0 /* Release */ = {
			isa = XCBuildConfiguration;
			buildSettings = {
				CODE_SIGN_ENTITLEMENTS = DeviceActivityReportExtension/DeviceActivityReportExtension.entitlements;
				INFOPLIST_FILE = DeviceActivityReportExtension/Info.plist;
				LD_RUNPATH_SEARCH_PATHS = (
					"$(inherited)",
					"@executable_path/Frameworks",
					"@executable_path/../../Frameworks",
				);
				PRODUCT_BUNDLE_IDENTIFIER = com.bettrfamily.app.DeviceActivityReport;
				SDKROOT = iphoneos;
				TARGETED_DEVICE_FAMILY = 1;
			};
			name = Release;
		};
		F5AE877BE3AC9C7EB1E73E13 /* Release */ = {
			isa = XCBuildConfiguration;
			buildSettings = {
				ASSETCATALOG_COMPILER_APPICON_NAME = AppIcon;
				CODE_SIGN_ENTITLEMENTS = BettrFamily/BettrFamily.entitlements;
				CODE_SIGN_IDENTITY = "iPhone Developer";
				INFOPLIST_FILE = BettrFamily/Info.plist;
				LD_RUNPATH_SEARCH_PATHS = (
					"$(inherited)",
					"@executable_path/Frameworks",
				);
				PRODUCT_BUNDLE_IDENTIFIER = com.bettrfamily.app;
				SDKROOT = iphoneos;
				TARGETED_DEVICE_FAMILY = 1;
			};
			name = Release;
		};
/* End XCBuildConfiguration section */

/* Begin XCConfigurationList section */
		8311EB424B29A0D2CA3196C7 /* Build configuration list for PBXNativeTarget "DeviceActivityMonitorExtension" */ = {
			isa = XCConfigurationList;
			buildConfigurations = (
				A818314F6B31DE4524E539C9 /* Debug */,
				7608B0CC9B4C1382A1C6F87D /* Release */,
			);
			defaultConfigurationIsVisible = 0;
			defaultConfigurationName = Debug;
		};
		93F8C3C8D0FC4F35A14D5DC7 /* Build configuration list for PBXNativeTarget "DeviceActivityReportExtension" */ = {
			isa = XCConfigurationList;
			buildConfigurations = (
				13EC4F62D7729F53269C3145 /* Debug */,
				E21AF2DA56BEE3442EE611E0 /* Release */,
			);
			defaultConfigurationIsVisible = 0;
			defaultConfigurationName = Debug;
		};
		AC1986AE9A334C8751F931E2 /* Build configuration list for PBXNativeTarget "BettrFamily" */ = {
			isa = XCConfigurationList;
			buildConfigurations = (
				2A1593FAB06A374F01C89E9E /* Debug */,
				F5AE877BE3AC9C7EB1E73E13 /* Release */,
			);
			defaultConfigurationIsVisible = 0;
			defaultConfigurationName = Debug;
		};
		C53298C81CC2CD226ADA331A /* Build configuration list for PBXProject "BettrFamily" */ = {
			isa = XCConfigurationList;
			buildConfigurations = (
				2E1DD76CD1E4799F47F050D3 /* Debug */,
				6A8E503B3BF5B7696997BF5F /* Release */,
			);
			defaultConfigurationIsVisible = 0;
			defaultConfigurationName = Debug;
		};
		E13703C8682464E1734AA673 /* Build configuration list for PBXNativeTarget "PacketTunnelExtension" */ = {
			isa = XCConfigurationList;
			buildConfigurations = (
				69EEB98C1B9D7FDE2BEFA96C /* Debug */,
				7FA1FB92C1F3367AD0DE8109 /* Release */,
			);
			defaultConfigurationIsVisible = 0;
			defaultConfigurationName = Debug;
		};
/* End XCConfigurationList section */

/* Begin XCRemoteSwiftPackageReference section */
		C20F29FB9E6F3B333A067297 /* XCRemoteSwiftPackageReference "firebase-ios-sdk" */ = {
			isa = XCRemoteSwiftPackageReference;
			repositoryURL = "https://github.com/firebase/firebase-ios-sdk";
			requirement = {
				kind = upToNextMajorVersion;
				minimumVersion = 11.0.0;
			};
		};
/* End XCRemoteSwiftPackageReference section */

/* Begin XCSwiftPackageProductDependency section */
		4AB98BC439D5313AD7469BC6 /* FirebaseMessaging */ = {
			isa = XCSwiftPackageProductDependency;
			package = C20F29FB9E6F3B333A067297 /* XCRemoteSwiftPackageReference "firebase-ios-sdk" */;
			productName = FirebaseMessaging;
		};
		C45B4B8088CBB1A33B38F1DE /* FirebaseFirestore */ = {
			isa = XCSwiftPackageProductDependency;
			package = C20F29FB9E6F3B333A067297 /* XCRemoteSwiftPackageReference "firebase-ios-sdk" */;
			productName = FirebaseFirestore;
		};
		E6D1191B211FAF3BC11B55BB /* FirebaseAuth */ = {
			isa = XCSwiftPackageProductDependency;
			package = C20F29FB9E6F3B333A067297 /* XCRemoteSwiftPackageReference "firebase-ios-sdk" */;
			productName = FirebaseAuth;
		};
/* End XCSwiftPackageProductDependency section */
	};
	rootObject = 064BE7B9B916C7D723BFBB38 /* Project object */;
}
